{
    "_readme": [
        "This file locks the dependencies of your project to a known state",
        "Read more about it at https://getcomposer.org/doc/01-basic-usage.md#composer-lock-the-lock-file",
        "This file is @generated automatically"
    ],
    "hash": "39762d67e324997dc5a30004bfdd7ce3",
    "content-hash": "461f35dc7c4e0686432a6142e84cfb04",
    "packages": [
        {
            "name": "camspiers/silverstripe-loggerbridge",
            "version": "0.6.1",
            "source": {
                "type": "git",
                "url": "https://github.com/camspiers/silverstripe-loggerbridge.git",
                "reference": "ecbcc8b162d29c8721bd6ff4a2d2c94f6d25dce1"
            },
            "dist": {
                "type": "zip",
                "url": "https://api.github.com/repos/camspiers/silverstripe-loggerbridge/zipball/ecbcc8b162d29c8721bd6ff4a2d2c94f6d25dce1",
                "reference": "ecbcc8b162d29c8721bd6ff4a2d2c94f6d25dce1",
                "shasum": ""
            },
            "require": {
                "composer/installers": "~1.0",
                "filp/whoops": "1.*",
                "monolog/monolog": "^1.7"
            },
            "require-dev": {
                "phpunit/phpunit": "~3.7",
                "silverstripe/framework": "3.1.*@dev",
                "symfony/class-loader": "~2.3"
            },
            "type": "silverstripe-module",
            "extra": {
                "branch-alias": {
                    "dev-master": "0.6.x-dev"
                }
            },
            "autoload": {
                "psr-0": {
                    "Camspiers\\LoggerBridge": "src/"
                }
            },
            "notification-url": "https://packagist.org/downloads/",
            "license": [
                "MIT"
            ],
            "authors": [
                {
                    "name": "Cam Spiers",
                    "email": "cameron@heyday.co.nz",
                    "role": "Developer"
                }
            ],
            "description": "Provides a bridge between PSR-3 loggers (like monolog) and SilverStripe",
            "time": "2015-04-30 02:00:17"
        },
        {
            "name": "composer/installers",
            "version": "v1.0.21",
            "source": {
                "type": "git",
                "url": "https://github.com/composer/installers.git",
                "reference": "d64e23fce42a4063d63262b19b8e7c0f3b5e4c45"
            },
            "dist": {
                "type": "zip",
                "url": "https://api.github.com/repos/composer/installers/zipball/d64e23fce42a4063d63262b19b8e7c0f3b5e4c45",
                "reference": "d64e23fce42a4063d63262b19b8e7c0f3b5e4c45",
                "shasum": ""
            },
            "replace": {
                "roundcube/plugin-installer": "*",
                "shama/baton": "*"
            },
            "require-dev": {
                "composer/composer": "1.0.*@dev",
                "phpunit/phpunit": "4.1.*"
            },
            "type": "composer-installer",
            "extra": {
                "class": "Composer\\Installers\\Installer",
                "branch-alias": {
                    "dev-master": "1.0-dev"
                }
            },
            "autoload": {
                "psr-0": {
                    "Composer\\Installers\\": "src/"
                }
            },
            "notification-url": "https://packagist.org/downloads/",
            "license": [
                "MIT"
            ],
            "authors": [
                {
                    "name": "Kyle Robinson Young",
                    "email": "kyle@dontkry.com",
                    "homepage": "https://github.com/shama"
                }
            ],
            "description": "A multi-framework Composer library installer",
            "homepage": "http://composer.github.com/installers/",
            "keywords": [
                "Craft",
                "Dolibarr",
                "Hurad",
                "MODX Evo",
                "OXID",
                "SMF",
                "Thelia",
                "WolfCMS",
                "agl",
                "aimeos",
                "annotatecms",
                "bitrix",
                "cakephp",
                "chef",
                "codeigniter",
                "concrete5",
                "croogo",
                "dokuwiki",
                "drupal",
                "elgg",
                "fuelphp",
                "grav",
                "installer",
                "joomla",
                "kohana",
                "laravel",
                "lithium",
                "magento",
                "mako",
                "mediawiki",
                "modulework",
                "moodle",
                "phpbb",
                "piwik",
                "ppi",
                "puppet",
                "roundcube",
                "shopware",
                "silverstripe",
                "symfony",
                "typo3",
                "wordpress",
                "zend",
                "zikula"
            ],
            "time": "2015-02-18 17:17:01"
        },
        {
            "name": "feejin/silverstripe-securitytemplates",
            "version": "1.0.0",
            "source": {
                "type": "git",
                "url": "https://github.com/feejin/Silverstripe-SecurityTemplates.git",
                "reference": "b7384291442360b4f4d51dd8ab616e615af8db7f"
            },
            "dist": {
                "type": "zip",
                "url": "https://api.github.com/repos/feejin/Silverstripe-SecurityTemplates/zipball/b7384291442360b4f4d51dd8ab616e615af8db7f",
                "reference": "b7384291442360b4f4d51dd8ab616e615af8db7f",
                "shasum": ""
            },
            "require": {
                "silverstripe/framework": ">=3.0"
            },
            "type": "silverstripe-module",
            "extra": {
                "installer-name": "securitytemplates"
            },
            "notification-url": "https://packagist.org/downloads/",
            "license": [
                "BSD-3-Clause"
            ],
            "authors": [
                {
                    "name": "Loz Calver",
                    "email": "lozcalver@bigfork.co.uk"
                },
                {
                    "name": "Colin Richardson",
                    "email": "colinrichardson@bigfork.co.uk"
                }
            ],
            "description": "Custom security templates to mirror CMS",
            "homepage": "https://github.com/feejin/Silverstripe-SecurityTemplates",
            "keywords": [
                "security",
                "silverstripe",
                "templates",
                "theme"
            ],
            "time": "2014-03-14 10:34:12"
        },
        {
            "name": "filp/whoops",
            "version": "1.1.7",
            "source": {
                "type": "git",
                "url": "https://github.com/filp/whoops.git",
                "reference": "72538eeb70bbfb11964412a3d098d109efd012f7"
            },
            "dist": {
                "type": "zip",
                "url": "https://api.github.com/repos/filp/whoops/zipball/72538eeb70bbfb11964412a3d098d109efd012f7",
                "reference": "72538eeb70bbfb11964412a3d098d109efd012f7",
                "shasum": ""
            },
            "require": {
                "php": ">=5.3.0"
            },
            "require-dev": {
                "mockery/mockery": "0.9.*"
            },
            "type": "library",
            "extra": {
                "branch-alias": {
                    "dev-master": "1.2-dev"
                }
            },
            "autoload": {
                "psr-0": {
                    "Whoops": "src/"
                },
                "classmap": [
                    "src/deprecated"
                ]
            },
            "notification-url": "https://packagist.org/downloads/",
            "license": [
                "MIT"
            ],
            "authors": [
                {
                    "name": "Filipe Dobreira",
                    "homepage": "https://github.com/filp",
                    "role": "Developer"
                }
            ],
            "description": "php error handling for cool kids",
            "homepage": "https://github.com/filp/whoops",
            "keywords": [
                "error",
                "exception",
                "handling",
                "library",
                "silex-provider",
                "whoops",
                "zf2"
            ],
            "time": "2015-06-29 05:42:04"
        },
        {
            "name": "heyday/silverstripe-menumanager",
            "version": "2.1.1",
            "source": {
                "type": "git",
                "url": "https://github.com/heyday/silverstripe-menumanager.git",
                "reference": "fa447d95b8b292520bc161d878955b9bce710eda"
            },
            "dist": {
                "type": "zip",
                "url": "https://api.github.com/repos/heyday/silverstripe-menumanager/zipball/fa447d95b8b292520bc161d878955b9bce710eda",
                "reference": "fa447d95b8b292520bc161d878955b9bce710eda",
                "shasum": ""
            },
            "require": {
                "composer/installers": "~1.0",
                "silverstripe-australia/gridfieldextensions": "~1.0.0"
            },
            "type": "silverstripe-module",
            "extra": {
                "dev-master": "2.0.x-dev"
            },
            "notification-url": "https://packagist.org/downloads/",
            "license": [
                "MIT"
            ],
            "authors": [
                {
                    "name": "Heyday Developers",
                    "email": "dev@heyday.co.nz",
                    "role": "Developer"
                }
            ],
            "description": "Allows complex menu management to be handled through the CMS when a simple tree structure is not enough.",
            "time": "2015-06-14 23:41:41"
        },
        {
            "name": "heyday/silverstripe-responsive-images",
            "version": "0.1.1",
            "source": {
                "type": "git",
                "url": "https://github.com/heyday/silverstripe-responsive-images.git",
                "reference": "82bdc61972b64631c8266b7dd00916c7bbb0c7bd"
            },
            "dist": {
                "type": "zip",
                "url": "https://api.github.com/repos/heyday/silverstripe-responsive-images/zipball/82bdc61972b64631c8266b7dd00916c7bbb0c7bd",
                "reference": "82bdc61972b64631c8266b7dd00916c7bbb0c7bd",
                "shasum": ""
            },
            "require": {
                "composer/installers": "~1.0"
            },
            "type": "silverstripe-module",
            "notification-url": "https://packagist.org/downloads/",
            "license": [
                "MIT"
            ],
            "description": "Configure and send a series of image size options to the client without loading any resources until a media query can be executed.",
            "keywords": [
                "image",
                "responsive",
                "silverstripe"
            ],
            "time": "2014-10-20 19:51:02"
        },
        {
            "name": "jonom/focuspoint",
            "version": "1.1.0",
            "source": {
                "type": "git",
                "url": "https://github.com/jonom/silverstripe-focuspoint.git",
                "reference": "6769333e8789c6ab87a28e0a5d4c738bbb40cc90"
            },
            "dist": {
                "type": "zip",
                "url": "https://api.github.com/repos/jonom/silverstripe-focuspoint/zipball/6769333e8789c6ab87a28e0a5d4c738bbb40cc90",
                "reference": "6769333e8789c6ab87a28e0a5d4c738bbb40cc90",
                "shasum": ""
            },
            "require": {
                "silverstripe/framework": "~3.1"
            },
            "type": "silverstripe-module",
            "notification-url": "https://packagist.org/downloads/",
            "license": [
                "BSD-3-Clause"
            ],
            "authors": [
                {
                    "name": "Jonathon Menz",
                    "homepage": "http://jonathonmenz.com"
                }
            ],
            "description": "Smarter automatic image cropping for SilverStripe",
            "keywords": [
                "crop",
                "cropping",
                "focus",
                "focuspoint",
                "image",
                "silverstripe"
            ],
            "time": "2014-12-18 04:05:56"
        },
        {
            "name": "jonom/silverstripe-betternavigator",
            "version": "2.0.1",
            "source": {
                "type": "git",
                "url": "https://github.com/jonom/silverstripe-betternavigator.git",
                "reference": "d606d8c84117e88ea240a92e09a9bc5a78c56345"
            },
            "dist": {
                "type": "zip",
                "url": "https://api.github.com/repos/jonom/silverstripe-betternavigator/zipball/d606d8c84117e88ea240a92e09a9bc5a78c56345",
                "reference": "d606d8c84117e88ea240a92e09a9bc5a78c56345",
                "shasum": ""
            },
            "require": {
                "silverstripe/framework": "~3.1"
            },
            "type": "silverstripe-module",
            "extra": {
                "installer-name": "betternavigator"
            },
            "notification-url": "https://packagist.org/downloads/",
            "license": [
                "BSD-3-Clause"
            ],
            "authors": [
                {
                    "name": "Jonathon Menz",
                    "homepage": "http://jonathonmenz.com"
                }
            ],
            "description": "Front-end utility menu for SilverStripe websites featuring administration and development tools",
            "keywords": [
                "BetterNavigator",
                "SilverStripeNavigator",
                "navigator",
                "silverstripe"
            ],
            "time": "2015-03-03 17:11:07"
        },
        {
            "name": "kinglozzer/bfgoogleanalytics",
            "version": "1.1.4",
            "source": {
                "type": "git",
                "url": "https://github.com/kinglozzer/bfgoogleanalytics.git",
                "reference": "5c12dd71d0ea0706bf943372ca0954ba7991c4a4"
            },
            "dist": {
                "type": "zip",
                "url": "https://api.github.com/repos/kinglozzer/bfgoogleanalytics/zipball/5c12dd71d0ea0706bf943372ca0954ba7991c4a4",
                "reference": "5c12dd71d0ea0706bf943372ca0954ba7991c4a4",
                "shasum": ""
            },
            "require": {
                "silverstripe/cms": "~3.1",
                "silverstripe/framework": "~3.1"
            },
            "type": "silverstripe-module",
            "notification-url": "https://packagist.org/downloads/",
            "authors": [
                {
                    "name": "Loz Calver",
                    "email": "lozcalver@bigfork.co.uk"
                }
            ],
            "description": "A slimmed, trimmed & tweaked version of silverstripe-labs/silverstripe-googleanalytics. Designed for use in internal projects or where developers are the only CMS administrators; as users can break their analytics code by inserting invalid javascript.",
            "time": "2015-07-14 10:14:33"
        },
        {
            "name": "kinglozzer/htmleditornoalignment",
            "version": "1.0.3",
            "source": {
                "type": "git",
                "url": "https://github.com/kinglozzer/htmleditornoalignment.git",
                "reference": "a6bdcdb65727b0ffb083303ba9312f5ff594fb18"
            },
            "dist": {
                "type": "zip",
                "url": "https://api.github.com/repos/kinglozzer/htmleditornoalignment/zipball/a6bdcdb65727b0ffb083303ba9312f5ff594fb18",
                "reference": "a6bdcdb65727b0ffb083303ba9312f5ff594fb18",
                "shasum": ""
            },
            "require": {
                "silverstripe/framework": "~3.1"
            },
            "type": "silverstripe-module",
            "notification-url": "https://packagist.org/downloads/",
            "license": [
                "BSD-3-Clause"
            ],
            "authors": [
                {
                    "name": "Loz Calver",
                    "email": "lozcalver@bigfork.co.uk"
                }
            ],
            "description": "Adds a 'no alignment' option for images added through HTMLEditorField",
            "keywords": [
                "alignment",
                "htmleditorfield",
                "image",
                "silverstripe"
            ],
            "time": "2014-03-26 14:29:41"
        },
        {
            "name": "kinglozzer/htmleditoruploadfield",
            "version": "1.0.1",
            "source": {
                "type": "git",
                "url": "https://github.com/kinglozzer/htmleditoruploadfield.git",
                "reference": "99637d2e69caae1af5898eb60cbf079b721e489d"
            },
            "dist": {
                "type": "zip",
                "url": "https://api.github.com/repos/kinglozzer/htmleditoruploadfield/zipball/99637d2e69caae1af5898eb60cbf079b721e489d",
                "reference": "99637d2e69caae1af5898eb60cbf079b721e489d",
                "shasum": ""
            },
            "require": {
                "silverstripe/framework": "^3.1.0"
            },
            "type": "silverstripe-module",
            "notification-url": "https://packagist.org/downloads/",
            "license": [
                "BSD-3-Clause"
            ],
            "authors": [
                {
                    "name": "Loz Calver",
                    "email": "lozcalver@bigfork.co.uk"
                }
            ],
            "description": "Adds an UploadField to allow uploading files directly in SilverStripe's \"Insert Link\" form",
            "homepage": "https://github.com/kinglozzer/htmleditoruploadfield",
            "keywords": [
                "htmleditorfield",
                "link",
                "silverstripe",
                "upload",
                "uploadfield"
            ],
            "time": "2015-05-20 11:11:37"
        },
        {
            "name": "kinglozzer/metatitle",
            "version": "1.0.2",
            "source": {
                "type": "git",
                "url": "https://github.com/kinglozzer/silverstripe-metatitle.git",
                "reference": "530d3c55469f159c73d1431c736b945fbdad4aeb"
            },
            "dist": {
                "type": "zip",
                "url": "https://api.github.com/repos/kinglozzer/silverstripe-metatitle/zipball/530d3c55469f159c73d1431c736b945fbdad4aeb",
                "reference": "530d3c55469f159c73d1431c736b945fbdad4aeb",
                "shasum": ""
            },
            "require": {
                "silverstripe/cms": "~3.1",
                "silverstripe/framework": "~3.1"
            },
            "type": "silverstripe-module",
            "notification-url": "https://packagist.org/downloads/",
            "license": [
                "BSD-3-Clause"
            ],
            "authors": [
                {
                    "name": "Loz Calver",
                    "email": "lozcalver@bigfork.co.uk"
                }
            ],
            "description": "Re-adds the 'MetaTitle' field for SilverStripe 3.1",
            "homepage": "https://github.com/kinglozzer/silverstripe-metatitle",
            "keywords": [
                "meta",
                "metatitle",
                "silverstripe",
                "title"
            ],
            "time": "2015-01-09 14:02:28"
        },
        {
            "name": "monolog/monolog",
            "version": "1.17.1",
            "source": {
                "type": "git",
                "url": "https://github.com/Seldaek/monolog.git",
                "reference": "0524c87587ab85bc4c2d6f5b41253ccb930a5422"
            },
            "dist": {
                "type": "zip",
                "url": "https://api.github.com/repos/Seldaek/monolog/zipball/0524c87587ab85bc4c2d6f5b41253ccb930a5422",
                "reference": "0524c87587ab85bc4c2d6f5b41253ccb930a5422",
                "shasum": ""
            },
            "require": {
                "php": ">=5.3.0",
                "psr/log": "~1.0"
            },
            "provide": {
                "psr/log-implementation": "1.0.0"
            },
            "require-dev": {
                "aws/aws-sdk-php": "^2.4.9",
                "doctrine/couchdb": "~1.0@dev",
                "graylog2/gelf-php": "~1.0",
                "php-console/php-console": "^3.1.3",
                "phpunit/phpunit": "~4.5",
                "phpunit/phpunit-mock-objects": "2.3.0",
                "raven/raven": "~0.11",
                "ruflin/elastica": ">=0.90 <3.0",
                "swiftmailer/swiftmailer": "~5.3",
                "videlalvaro/php-amqplib": "~2.4"
            },
            "suggest": {
                "aws/aws-sdk-php": "Allow sending log messages to AWS services like DynamoDB",
                "doctrine/couchdb": "Allow sending log messages to a CouchDB server",
                "ext-amqp": "Allow sending log messages to an AMQP server (1.0+ required)",
                "ext-mongo": "Allow sending log messages to a MongoDB server",
                "graylog2/gelf-php": "Allow sending log messages to a GrayLog2 server",
                "php-console/php-console": "Allow sending log messages to Google Chrome",
                "raven/raven": "Allow sending log messages to a Sentry server",
                "rollbar/rollbar": "Allow sending log messages to Rollbar",
                "ruflin/elastica": "Allow sending log messages to an Elastic Search server",
                "videlalvaro/php-amqplib": "Allow sending log messages to an AMQP server using php-amqplib"
            },
            "type": "library",
            "extra": {
                "branch-alias": {
                    "dev-master": "1.16.x-dev"
                }
            },
            "autoload": {
                "psr-4": {
                    "Monolog\\": "src/Monolog"
                }
            },
            "notification-url": "https://packagist.org/downloads/",
            "license": [
                "MIT"
            ],
            "authors": [
                {
                    "name": "Jordi Boggiano",
                    "email": "j.boggiano@seld.be",
                    "homepage": "http://seld.be"
                }
            ],
            "description": "Sends your logs to files, sockets, inboxes, databases and various web services",
            "homepage": "http://github.com/Seldaek/monolog",
            "keywords": [
                "log",
                "logging",
                "psr-3"
            ],
            "time": "2015-08-31 09:17:37"
        },
        {
            "name": "psr/log",
            "version": "1.0.0",
            "source": {
                "type": "git",
                "url": "https://github.com/php-fig/log.git",
                "reference": "fe0936ee26643249e916849d48e3a51d5f5e278b"
            },
            "dist": {
                "type": "zip",
                "url": "https://api.github.com/repos/php-fig/log/zipball/fe0936ee26643249e916849d48e3a51d5f5e278b",
                "reference": "fe0936ee26643249e916849d48e3a51d5f5e278b",
                "shasum": ""
            },
            "type": "library",
            "autoload": {
                "psr-0": {
                    "Psr\\Log\\": ""
                }
            },
            "notification-url": "https://packagist.org/downloads/",
            "license": [
                "MIT"
            ],
            "authors": [
                {
                    "name": "PHP-FIG",
                    "homepage": "http://www.php-fig.org/"
                }
            ],
            "description": "Common interface for logging libraries",
            "keywords": [
                "log",
                "psr",
                "psr-3"
            ],
            "time": "2012-12-21 11:40:51"
        },
        {
            "name": "silverstripe-australia/gridfieldextensions",
            "version": "1.0.3",
            "source": {
                "type": "git",
                "url": "https://github.com/silverstripe-australia/silverstripe-gridfieldextensions.git",
                "reference": "600ae4bdf8ba8fc282c996a6e93b421a69c0885e"
            },
            "dist": {
                "type": "zip",
                "url": "https://api.github.com/repos/silverstripe-australia/silverstripe-gridfieldextensions/zipball/600ae4bdf8ba8fc282c996a6e93b421a69c0885e",
                "reference": "600ae4bdf8ba8fc282c996a6e93b421a69c0885e",
                "shasum": ""
            },
            "require": {
                "silverstripe/framework": "~3.1"
            },
            "replace": {
                "ajshort/silverstripe-gridfieldextensions": "self.version"
            },
            "type": "silverstripe-module",
            "extra": {
                "installer-name": "gridfieldextensions",
                "screenshots": [
                    "docs/en/_images/editable-rows.png",
                    "docs/en/_images/add-existing-search.png"
                ]
            },
            "notification-url": "https://packagist.org/downloads/",
            "license": [
                "BSD-3-Clause"
            ],
            "authors": [
                {
                    "name": "Marcus Nyeholt",
                    "email": "marcus@silverstripe.com.au"
                },
                {
                    "name": "Andrew Short",
                    "email": "andrewjshort@gmail.com"
                }
            ],
            "description": "A collection of useful grid field components",
            "homepage": "http://github.com/ajshort/silverstripe-gridfieldextensions",
            "keywords": [
                "gridfield",
                "silverstripe"
            ],
            "time": "2014-12-08 11:14:53"
        },
        {
            "name": "silverstripe/blog",
            "version": "2.1.0",
            "source": {
                "type": "git",
                "url": "https://github.com/silverstripe/silverstripe-blog.git",
                "reference": "bb9beb3953a9567859b42d96b927369ce4c85606"
            },
            "dist": {
                "type": "zip",
                "url": "https://api.github.com/repos/silverstripe/silverstripe-blog/zipball/bb9beb3953a9567859b42d96b927369ce4c85606",
                "reference": "bb9beb3953a9567859b42d96b927369ce4c85606",
                "shasum": ""
            },
            "require": {
                "silverstripe/cms": ">=3.1.0",
                "silverstripe/lumberjack": "~1.1",
                "silverstripe/tagfield": "^1.0"
            },
            "replace": {
                "micmania1/silverstripe-blog": "*"
            },
            "require-dev": {
                "phpunit/phpunit": "~3.7@stable"
            },
            "suggest": {
                "silverstripe/comments": "This module adds comments to your blog.",
                "silverstripe/widgets": "Some widgets come with the blog which are compatible with the widgets module."
            },
            "type": "silverstripe-module",
            "extra": {
                "branch-alias": {
                    "dev-master": "2.0.x-dev"
                }
            },
            "notification-url": "https://packagist.org/downloads/",
            "license": [
                "BSD-2-Clause"
            ],
            "authors": [
                {
                    "name": "Michael Strong",
                    "email": "github@michaelstrong.co.uk"
                }
            ],
            "description": "A fresh take on blogging in Silverstripe set out to tackle the issue of a cluttered Site Tree.",
            "keywords": [
                "blog",
                "news",
                "silverstripe"
            ],
            "time": "2015-10-13 08:34:55"
        },
        {
            "name": "silverstripe/cms",
            "version": "3.1.15",
            "source": {
                "type": "git",
                "url": "https://github.com/silverstripe/silverstripe-cms.git",
                "reference": "0df0f35278bf25154a7946ecc555705582a23748"
            },
            "dist": {
                "type": "zip",
                "url": "https://api.github.com/repos/silverstripe/silverstripe-cms/zipball/0df0f35278bf25154a7946ecc555705582a23748",
                "reference": "0df0f35278bf25154a7946ecc555705582a23748",
                "shasum": ""
            },
            "require": {
                "composer/installers": "*",
                "php": ">=5.3.2",
                "silverstripe/framework": "3.1.*"
            },
            "type": "silverstripe-module",
            "autoload": {
                "classmap": [
                    "tests/behat/"
                ]
            },
            "notification-url": "https://packagist.org/downloads/",
            "license": [
                "BSD-3-Clause"
            ],
            "authors": [
                {
                    "name": "SilverStripe",
                    "homepage": "http://silverstripe.com"
                },
                {
                    "name": "The SilverStripe Community",
                    "homepage": "http://silverstripe.org"
                }
            ],
            "description": "The SilverStripe Content Management System",
            "homepage": "http://silverstripe.org",
            "keywords": [
                "cms",
                "silverstripe"
            ],
            "time": "2015-09-18 02:21:19"
        },
        {
            "name": "silverstripe/framework",
            "version": "3.1.15",
            "source": {
                "type": "git",
                "url": "https://github.com/silverstripe/silverstripe-framework.git",
                "reference": "c2a407a01b362981d070d6062fef52c8679e4a2b"
            },
            "dist": {
                "type": "zip",
                "url": "https://api.github.com/repos/silverstripe/silverstripe-framework/zipball/c2a407a01b362981d070d6062fef52c8679e4a2b",
                "reference": "c2a407a01b362981d070d6062fef52c8679e4a2b",
                "shasum": ""
            },
            "require": {
                "composer/installers": "*",
                "php": ">=5.3.2,<7"
            },
            "require-dev": {
                "phpunit/phpunit": "~3.7@stable"
            },
            "type": "silverstripe-module",
            "autoload": {
                "classmap": [
                    "tests/behat/features/bootstrap"
                ]
            },
            "notification-url": "https://packagist.org/downloads/",
            "license": [
                "BSD-3-Clause"
            ],
            "authors": [
                {
                    "name": "SilverStripe",
                    "homepage": "http://silverstripe.com"
                },
                {
                    "name": "The SilverStripe Community",
                    "homepage": "http://silverstripe.org"
                }
            ],
            "description": "The SilverStripe framework",
            "homepage": "http://silverstripe.org",
            "keywords": [
                "framework",
                "silverstripe"
            ],
            "time": "2015-09-18 02:51:04"
        },
        {
            "name": "silverstripe/googlesitemaps",
            "version": "1.2.2",
            "source": {
                "type": "git",
                "url": "https://github.com/silverstripe-labs/silverstripe-googlesitemaps.git",
                "reference": "198a850f8dfb65751d0ae20c6576bc4fa2fd0608"
            },
            "dist": {
                "type": "zip",
                "url": "https://api.github.com/repos/silverstripe-labs/silverstripe-googlesitemaps/zipball/198a850f8dfb65751d0ae20c6576bc4fa2fd0608",
                "reference": "198a850f8dfb65751d0ae20c6576bc4fa2fd0608",
                "shasum": ""
            },
            "require": {
                "silverstripe/framework": "~3.1"
            },
            "type": "silverstripe-module",
            "notification-url": "https://packagist.org/downloads/",
            "license": [
                "BSD"
            ],
            "authors": [
                {
                    "name": "Will Rossiter",
                    "email": "will@fullscreen.io",
                    "homepage": "http://wilr.github.com"
                }
            ],
            "description": "SilverStripe support for the Google Sitemaps XML system, enabling Google and other search engines to see all urls on your site. This helps your SilverStripe website rank well in search engines, and to encourage the information on your site to be discovered by Google quickly.",
            "homepage": "https://github.com/silverstripe-labs/silverstripe-googlesitemaps",
            "keywords": [
                "googlesitemaps",
                "seo",
                "silverstripe"
            ],
            "time": "2014-07-17 22:16:18"
        },
        {
            "name": "silverstripe/lumberjack",
            "version": "1.1.2",
            "source": {
                "type": "git",
                "url": "https://github.com/silverstripe/silverstripe-lumberjack.git",
                "reference": "2627d88953f7cd291c05fd5439418792ddc714d8"
            },
            "dist": {
                "type": "zip",
                "url": "https://api.github.com/repos/silverstripe/silverstripe-lumberjack/zipball/2627d88953f7cd291c05fd5439418792ddc714d8",
                "reference": "2627d88953f7cd291c05fd5439418792ddc714d8",
                "shasum": ""
            },
            "require": {
                "silverstripe/cms": ">=3.1.0"
            },
            "require-dev": {
                "phpunit/phpunit": "~3.7@stable"
            },
            "type": "silverstripe-module",
            "notification-url": "https://packagist.org/downloads/",
            "license": [
                "BSD-2-Clause"
            ],
            "authors": [
                {
                    "name": "Michael Strong",
                    "email": "mstrong@silverstripe.org"
                }
            ],
            "description": "A module to make managing pages in a GridField easy without losing any of the functionality that you're used to in the CMS.",
            "time": "2015-08-19 23:13:22"
        },
        {
            "name": "silverstripe/tagfield",
            "version": "1.1.0",
            "source": {
                "type": "git",
                "url": "https://github.com/silverstripe-labs/silverstripe-tagfield.git",
                "reference": "a6c309257e0ac77b90d84091a72d577e0c64a359"
            },
            "dist": {
                "type": "zip",
                "url": "https://api.github.com/repos/silverstripe-labs/silverstripe-tagfield/zipball/a6c309257e0ac77b90d84091a72d577e0c64a359",
                "reference": "a6c309257e0ac77b90d84091a72d577e0c64a359",
                "shasum": ""
            },
            "require": {
                "silverstripe/framework": "~3.1"
            },
            "type": "silverstripe-module",
            "notification-url": "https://packagist.org/downloads/",
            "license": [
                "BSD-2-Clause"
            ],
            "authors": [
                {
                    "name": "Christopher Pitt",
                    "email": "chris@silverstripe.com",
                    "homepage": "http://github.com/assertchris"
                }
            ],
            "description": "Tag field for Silverstripe",
            "keywords": [
                "field",
                "silverstripe",
                "tag"
            ],
            "time": "2015-09-10 00:51:31"
        },
        {
            "name": "stnvh/silverstripe-infoboxes",
            "version": "1.2.1",
            "source": {
                "type": "git",
                "url": "https://github.com/stnvh/silverstripe-infoboxes.git",
                "reference": "91528837d4ff6025394b550eca5f98ee345b005e"
            },
            "dist": {
                "type": "zip",
                "url": "https://api.github.com/repos/stnvh/silverstripe-infoboxes/zipball/91528837d4ff6025394b550eca5f98ee345b005e",
                "reference": "91528837d4ff6025394b550eca5f98ee345b005e",
                "shasum": ""
            },
            "require": {
                "composer/installers": "~1.0",
                "silverstripe/framework": "3.*"
            },
            "type": "silverstripe-module",
            "extra": {
                "installer-name": "infoboxes"
            },
            "notification-url": "https://packagist.org/downloads/",
            "license": [
                "BSD-3-Clause"
            ],
            "authors": [
                {
                    "name": "Stan Hutcheon",
                    "email": "stanhutcheon@me.com"
                }
            ],
            "description": "Conditional CMS info boxes.",
            "homepage": "https://github.com/stnvh/silverstripe-infoboxes",
            "keywords": [
                "boxes",
                "cms",
                "conditional",
                "info",
                "silverstripe"
            ],
            "time": "2014-12-05 11:48:12"
        }
    ],
    "packages-dev": [],
    "aliases": [],
    "minimum-stability": "stable",
    "stability-flags": [],
    "prefer-stable": false,
    "prefer-lowest": false,
    "platform": [],
    "platform-dev": []
}
